{
  "name": "decentralized-chat",
  "lockfileVersion": 3,
  "requires": true,
  "packages": {
    "": {
      "name": "decentralized-chat",
      "workspaces": [
        "packages/*"
      ],
      "devDependencies": {
        "typescript": "^5.0.0"
      }
    },
    "node_modules/@decentralized-chat/bot": {
      "resolved": "packages/bot",
      "link": true
    },
    "node_modules/@decentralized-chat/shared": {
      "resolved": "packages/shared",
      "link": true
    },
    "node_modules/@decentralized-chat/webapp": {
      "resolved": "packages/webapp",
      "link": true
    },
    "node_modules/typescript": {
      "version": "5.8.3",
      "resolved": "https://registry.npmjs.org/typescript/-/typescript-5.8.3.tgz",
      "integrity": "sha512-p1diW6TqL9L07nNxvRMM7hMMw4c5XOo/1ibL4aAIGmSAt9slTE1Xgw5KWuof2uTOvCg9BY7ZRi+GaF+7sfgPeQ==",
      "dev": true,
      "license": "Apache-2.0",
      "bin": {
        "tsc": "bin/tsc",
        "tsserver": "bin/tsserver"
      },
      "engines": {
        "node": ">=14.17"
      }
    },
    "packages/bot": {
      "name": "@decentralized-chat/bot",
      "version": "0.1.0",
      "dependencies": {
        "@decentralized-chat/shared": "0.1.0"
      }
    },
    "packages/shared": {
      "name": "@decentralized-chat/shared",
      "version": "0.1.0"
    },
    "packages/webapp": {
      "name": "@decentralized-chat/webapp",
      "version": "0.1.0"
    }
  }
}
